
Microsoft Visual Studio Solution File, Format Version 12.00
Project("{FAE04EC0-301F-11D3-BF4B-00C04F79EFBC}") = "zad9NaCodeFirst", "zad9NaCodeFirst\zad9NaCodeFirst.csproj", "{FFE4BE70-B52A-4E18-8677-CDAFC66DB133}"
EndProject
Global
	GlobalSection(SolutionConfigurationPlatforms) = preSolution
		Debug|Any CPU = Debug|Any CPU
		Release|Any CPU = Release|Any CPU
	EndGlobalSection
	GlobalSection(ProjectConfigurationPlatforms) = postSolution
		{FFE4BE70-B52A-4E18-8677-CDAFC66DB133}.Debug|Any CPU.ActiveCfg = Debug|Any CPU
		{FFE4BE70-B52A-4E18-8677-CDAFC66DB133}.Debug|Any CPU.Build.0 = Debug|Any CPU
		{FFE4BE70-B52A-4E18-8677-CDAFC66DB133}.Release|Any CPU.ActiveCfg = Release|Any CPU
		{FFE4BE70-B52A-4E18-8677-CDAFC66DB133}.Release|Any CPU.Build.0 = Release|Any CPU
	EndGlobalSection
EndGlobal
